
Microsoft Visual Studio Solution File, Format Version 12.00
# Visual Studio 15
VisualStudioVersion = 15.0.28307.168
MinimumVisualStudioVersion = 10.0.40219.1
Project("{8BC9CEB8-8B4A-11D0-8D11-00A0C91BC942}") = "basicLocator", "basicLocator\basicLocator.vcxproj", "{2ED0876A-3B8F-4A62-AD95-E2EBD8783577}"
EndProject
Project("{8BC9CEB8-8B4A-11D0-8D11-00A0C91BC942}") = "LocatorWithManip", "LocatorWithManip\LocatorWithManip.vcxproj", "{19A971B8-DE9C-43D2-B469-66748C1031A7}"
EndProject
Global
	GlobalSection(SolutionConfigurationPlatforms) = preSolution
		Debug|x64 = Debug|x64
		Debug|x86 = Debug|x86
		Release|x64 = Release|x64
		Release|x86 = Release|x86
	EndGlobalSection
	GlobalSection(ProjectConfigurationPlatforms) = postSolution
		{2ED0876A-3B8F-4A62-AD95-E2EBD8783577}.Debug|x64.ActiveCfg = Debug|x64
		{2ED0876A-3B8F-4A62-AD95-E2EBD8783577}.Debug|x64.Build.0 = Debug|x64
		{2ED0876A-3B8F-4A62-AD95-E2EBD8783577}.Debug|x86.ActiveCfg = Debug|Win32
		{2ED0876A-3B8F-4A62-AD95-E2EBD8783577}.Debug|x86.Build.0 = Debug|Win32
		{2ED0876A-3B8F-4A62-AD95-E2EBD8783577}.Release|x64.ActiveCfg = Release|x64
		{2ED0876A-3B8F-4A62-AD95-E2EBD8783577}.Release|x64.Build.0 = Release|x64
		{2ED0876A-3B8F-4A62-AD95-E2EBD8783577}.Release|x86.ActiveCfg = Release|Win32
		{2ED0876A-3B8F-4A62-AD95-E2EBD8783577}.Release|x86.Build.0 = Release|Win32
		{19A971B8-DE9C-43D2-B469-66748C1031A7}.Debug|x64.ActiveCfg = Debug|x64
		{19A971B8-DE9C-43D2-B469-66748C1031A7}.Debug|x64.Build.0 = Debug|x64
		{19A971B8-DE9C-43D2-B469-66748C1031A7}.Debug|x86.ActiveCfg = Debug|Win32
		{19A971B8-DE9C-43D2-B469-66748C1031A7}.Debug|x86.Build.0 = Debug|Win32
		{19A971B8-DE9C-43D2-B469-66748C1031A7}.Release|x64.ActiveCfg = Release|x64
		{19A971B8-DE9C-43D2-B469-66748C1031A7}.Release|x64.Build.0 = Release|x64
		{19A971B8-DE9C-43D2-B469-66748C1031A7}.Release|x86.ActiveCfg = Release|Win32
		{19A971B8-DE9C-43D2-B469-66748C1031A7}.Release|x86.Build.0 = Release|Win32
	EndGlobalSection
	GlobalSection(SolutionProperties) = preSolution
		HideSolutionNode = FALSE
	EndGlobalSection
	GlobalSection(ExtensibilityGlobals) = postSolution
		SolutionGuid = {733ECD08-BB45-4969-8FF6-F9BB26BB5A85}
	EndGlobalSection
EndGlobal
