
Microsoft Visual Studio Solution File, Format Version 12.00
# Visual Studio 15
VisualStudioVersion = 15.0.27703.2042
MinimumVisualStudioVersion = 10.0.40219.1
Project("{8BC9CEB8-8B4A-11D0-8D11-00A0C91BC942}") = "HelloMaya", "HelloMaya\HelloMaya.vcxproj", "{AD599010-8167-4EBB-BA49-95FF489AE10F}"
EndProject
Project("{8BC9CEB8-8B4A-11D0-8D11-00A0C91BC942}") = "HiMaya", "HiMaya\HiMaya.vcxproj", "{1449588D-0989-4618-8CBB-08B2A13F9380}"
EndProject
Project("{8BC9CEB8-8B4A-11D0-8D11-00A0C91BC942}") = "PickExample", "PickExample\PickExample.vcxproj", "{E42894EF-5E8F-4846-B23C-481D8B947B44}"
EndProject
Project("{8BC9CEB8-8B4A-11D0-8D11-00A0C91BC942}") = "VerifyingCallMethods", "VerifyingCallMethods\VerifyingCallMethods.vcxproj", "{34A5C773-BE5F-4771-BE90-66FFB1B51E66}"
EndProject
Project("{8BC9CEB8-8B4A-11D0-8D11-00A0C91BC942}") = "DAGWalking", "DAGWalking\DAGWalking.vcxproj", "{0C125217-BCC1-4F39-BD7B-E5B0482F0E3F}"
EndProject
Project("{8BC9CEB8-8B4A-11D0-8D11-00A0C91BC942}") = "MultiCommand", "MultiCommand\MultiCommand.vcxproj", "{DD5A5222-CBD5-4E94-B54F-70168928580C}"
EndProject
Project("{8BC9CEB8-8B4A-11D0-8D11-00A0C91BC942}") = "BaseDG", "BaseDG\BaseDG.vcxproj", "{83EEFC16-C1B4-402E-A5A2-C5EAF0B8166F}"
EndProject
Project("{8BC9CEB8-8B4A-11D0-8D11-00A0C91BC942}") = "posts1", "posts\posts.vcxproj", "{AFA20CA4-C209-4022-B63A-5DF065EC0CC1}"
EndProject
Project("{2150E333-8FDC-42A3-9474-1A3956D46DE8}") = "maya20185", "maya20185", "{68514C9C-DB4E-41E3-9A81-FF89A24CE7A7}"
EndProject
Project("{2150E333-8FDC-42A3-9474-1A3956D46DE8}") = "maya2014", "maya2014", "{604682F2-1ED4-4375-A06E-9A91BBC12169}"
EndProject
Project("{8BC9CEB8-8B4A-11D0-8D11-00A0C91BC942}") = "posts2", "posts2\posts2.vcxproj", "{1861B24B-CB61-49B8-8B83-62FE5A38B1E1}"
EndProject
Project("{8BC9CEB8-8B4A-11D0-8D11-00A0C91BC942}") = "posts3", "posts3\posts3.vcxproj", "{BB01E39C-6E0C-4C11-9133-1E3CA1A12285}"
EndProject
Project("{8BC9CEB8-8B4A-11D0-8D11-00A0C91BC942}") = "posts4", "posts4\posts4.vcxproj", "{3A24B70B-5963-4DF2-96F4-40364DB7E07B}"
EndProject
Global
	GlobalSection(SolutionConfigurationPlatforms) = preSolution
		Debug|x64 = Debug|x64
		Debug|x86 = Debug|x86
		Release|x64 = Release|x64
		Release|x86 = Release|x86
	EndGlobalSection
	GlobalSection(ProjectConfigurationPlatforms) = postSolution
		{AD599010-8167-4EBB-BA49-95FF489AE10F}.Debug|x64.ActiveCfg = Debug|x64
		{AD599010-8167-4EBB-BA49-95FF489AE10F}.Debug|x64.Build.0 = Debug|x64
		{AD599010-8167-4EBB-BA49-95FF489AE10F}.Debug|x86.ActiveCfg = Debug|Win32
		{AD599010-8167-4EBB-BA49-95FF489AE10F}.Debug|x86.Build.0 = Debug|Win32
		{AD599010-8167-4EBB-BA49-95FF489AE10F}.Release|x64.ActiveCfg = Release|x64
		{AD599010-8167-4EBB-BA49-95FF489AE10F}.Release|x64.Build.0 = Release|x64
		{AD599010-8167-4EBB-BA49-95FF489AE10F}.Release|x86.ActiveCfg = Release|Win32
		{AD599010-8167-4EBB-BA49-95FF489AE10F}.Release|x86.Build.0 = Release|Win32
		{1449588D-0989-4618-8CBB-08B2A13F9380}.Debug|x64.ActiveCfg = Debug|x64
		{1449588D-0989-4618-8CBB-08B2A13F9380}.Debug|x64.Build.0 = Debug|x64
		{1449588D-0989-4618-8CBB-08B2A13F9380}.Debug|x86.ActiveCfg = Debug|Win32
		{1449588D-0989-4618-8CBB-08B2A13F9380}.Debug|x86.Build.0 = Debug|Win32
		{1449588D-0989-4618-8CBB-08B2A13F9380}.Release|x64.ActiveCfg = Release|x64
		{1449588D-0989-4618-8CBB-08B2A13F9380}.Release|x64.Build.0 = Release|x64
		{1449588D-0989-4618-8CBB-08B2A13F9380}.Release|x86.ActiveCfg = Release|Win32
		{1449588D-0989-4618-8CBB-08B2A13F9380}.Release|x86.Build.0 = Release|Win32
		{E42894EF-5E8F-4846-B23C-481D8B947B44}.Debug|x64.ActiveCfg = Debug|x64
		{E42894EF-5E8F-4846-B23C-481D8B947B44}.Debug|x64.Build.0 = Debug|x64
		{E42894EF-5E8F-4846-B23C-481D8B947B44}.Debug|x86.ActiveCfg = Debug|Win32
		{E42894EF-5E8F-4846-B23C-481D8B947B44}.Debug|x86.Build.0 = Debug|Win32
		{E42894EF-5E8F-4846-B23C-481D8B947B44}.Release|x64.ActiveCfg = Release|x64
		{E42894EF-5E8F-4846-B23C-481D8B947B44}.Release|x64.Build.0 = Release|x64
		{E42894EF-5E8F-4846-B23C-481D8B947B44}.Release|x86.ActiveCfg = Release|Win32
		{E42894EF-5E8F-4846-B23C-481D8B947B44}.Release|x86.Build.0 = Release|Win32
		{34A5C773-BE5F-4771-BE90-66FFB1B51E66}.Debug|x64.ActiveCfg = Debug|x64
		{34A5C773-BE5F-4771-BE90-66FFB1B51E66}.Debug|x64.Build.0 = Debug|x64
		{34A5C773-BE5F-4771-BE90-66FFB1B51E66}.Debug|x86.ActiveCfg = Debug|Win32
		{34A5C773-BE5F-4771-BE90-66FFB1B51E66}.Debug|x86.Build.0 = Debug|Win32
		{34A5C773-BE5F-4771-BE90-66FFB1B51E66}.Release|x64.ActiveCfg = Release|x64
		{34A5C773-BE5F-4771-BE90-66FFB1B51E66}.Release|x64.Build.0 = Release|x64
		{34A5C773-BE5F-4771-BE90-66FFB1B51E66}.Release|x86.ActiveCfg = Release|Win32
		{34A5C773-BE5F-4771-BE90-66FFB1B51E66}.Release|x86.Build.0 = Release|Win32
		{0C125217-BCC1-4F39-BD7B-E5B0482F0E3F}.Debug|x64.ActiveCfg = Debug|x64
		{0C125217-BCC1-4F39-BD7B-E5B0482F0E3F}.Debug|x64.Build.0 = Debug|x64
		{0C125217-BCC1-4F39-BD7B-E5B0482F0E3F}.Debug|x86.ActiveCfg = Debug|Win32
		{0C125217-BCC1-4F39-BD7B-E5B0482F0E3F}.Debug|x86.Build.0 = Debug|Win32
		{0C125217-BCC1-4F39-BD7B-E5B0482F0E3F}.Release|x64.ActiveCfg = Release|x64
		{0C125217-BCC1-4F39-BD7B-E5B0482F0E3F}.Release|x64.Build.0 = Release|x64
		{0C125217-BCC1-4F39-BD7B-E5B0482F0E3F}.Release|x86.ActiveCfg = Release|Win32
		{0C125217-BCC1-4F39-BD7B-E5B0482F0E3F}.Release|x86.Build.0 = Release|Win32
		{DD5A5222-CBD5-4E94-B54F-70168928580C}.Debug|x64.ActiveCfg = Debug|x64
		{DD5A5222-CBD5-4E94-B54F-70168928580C}.Debug|x64.Build.0 = Debug|x64
		{DD5A5222-CBD5-4E94-B54F-70168928580C}.Debug|x86.ActiveCfg = Debug|Win32
		{DD5A5222-CBD5-4E94-B54F-70168928580C}.Debug|x86.Build.0 = Debug|Win32
		{DD5A5222-CBD5-4E94-B54F-70168928580C}.Release|x64.ActiveCfg = Release|x64
		{DD5A5222-CBD5-4E94-B54F-70168928580C}.Release|x64.Build.0 = Release|x64
		{DD5A5222-CBD5-4E94-B54F-70168928580C}.Release|x86.ActiveCfg = Release|Win32
		{DD5A5222-CBD5-4E94-B54F-70168928580C}.Release|x86.Build.0 = Release|Win32
		{83EEFC16-C1B4-402E-A5A2-C5EAF0B8166F}.Debug|x64.ActiveCfg = Debug|x64
		{83EEFC16-C1B4-402E-A5A2-C5EAF0B8166F}.Debug|x64.Build.0 = Debug|x64
		{83EEFC16-C1B4-402E-A5A2-C5EAF0B8166F}.Debug|x86.ActiveCfg = Debug|Win32
		{83EEFC16-C1B4-402E-A5A2-C5EAF0B8166F}.Debug|x86.Build.0 = Debug|Win32
		{83EEFC16-C1B4-402E-A5A2-C5EAF0B8166F}.Release|x64.ActiveCfg = Release|x64
		{83EEFC16-C1B4-402E-A5A2-C5EAF0B8166F}.Release|x64.Build.0 = Release|x64
		{83EEFC16-C1B4-402E-A5A2-C5EAF0B8166F}.Release|x86.ActiveCfg = Release|Win32
		{83EEFC16-C1B4-402E-A5A2-C5EAF0B8166F}.Release|x86.Build.0 = Release|Win32
		{AFA20CA4-C209-4022-B63A-5DF065EC0CC1}.Debug|x64.ActiveCfg = Debug|x64
		{AFA20CA4-C209-4022-B63A-5DF065EC0CC1}.Debug|x64.Build.0 = Debug|x64
		{AFA20CA4-C209-4022-B63A-5DF065EC0CC1}.Debug|x86.ActiveCfg = Debug|Win32
		{AFA20CA4-C209-4022-B63A-5DF065EC0CC1}.Debug|x86.Build.0 = Debug|Win32
		{AFA20CA4-C209-4022-B63A-5DF065EC0CC1}.Release|x64.ActiveCfg = Release|x64
		{AFA20CA4-C209-4022-B63A-5DF065EC0CC1}.Release|x64.Build.0 = Release|x64
		{AFA20CA4-C209-4022-B63A-5DF065EC0CC1}.Release|x86.ActiveCfg = Release|Win32
		{AFA20CA4-C209-4022-B63A-5DF065EC0CC1}.Release|x86.Build.0 = Release|Win32
		{1861B24B-CB61-49B8-8B83-62FE5A38B1E1}.Debug|x64.ActiveCfg = Debug|x64
		{1861B24B-CB61-49B8-8B83-62FE5A38B1E1}.Debug|x64.Build.0 = Debug|x64
		{1861B24B-CB61-49B8-8B83-62FE5A38B1E1}.Debug|x86.ActiveCfg = Debug|Win32
		{1861B24B-CB61-49B8-8B83-62FE5A38B1E1}.Debug|x86.Build.0 = Debug|Win32
		{1861B24B-CB61-49B8-8B83-62FE5A38B1E1}.Release|x64.ActiveCfg = Release|x64
		{1861B24B-CB61-49B8-8B83-62FE5A38B1E1}.Release|x64.Build.0 = Release|x64
		{1861B24B-CB61-49B8-8B83-62FE5A38B1E1}.Release|x86.ActiveCfg = Release|Win32
		{1861B24B-CB61-49B8-8B83-62FE5A38B1E1}.Release|x86.Build.0 = Release|Win32
		{BB01E39C-6E0C-4C11-9133-1E3CA1A12285}.Debug|x64.ActiveCfg = Debug|x64
		{BB01E39C-6E0C-4C11-9133-1E3CA1A12285}.Debug|x64.Build.0 = Debug|x64
		{BB01E39C-6E0C-4C11-9133-1E3CA1A12285}.Debug|x86.ActiveCfg = Debug|Win32
		{BB01E39C-6E0C-4C11-9133-1E3CA1A12285}.Debug|x86.Build.0 = Debug|Win32
		{BB01E39C-6E0C-4C11-9133-1E3CA1A12285}.Release|x64.ActiveCfg = Release|x64
		{BB01E39C-6E0C-4C11-9133-1E3CA1A12285}.Release|x64.Build.0 = Release|x64
		{BB01E39C-6E0C-4C11-9133-1E3CA1A12285}.Release|x86.ActiveCfg = Release|Win32
		{BB01E39C-6E0C-4C11-9133-1E3CA1A12285}.Release|x86.Build.0 = Release|Win32
		{3A24B70B-5963-4DF2-96F4-40364DB7E07B}.Debug|x64.ActiveCfg = Debug|x64
		{3A24B70B-5963-4DF2-96F4-40364DB7E07B}.Debug|x64.Build.0 = Debug|x64
		{3A24B70B-5963-4DF2-96F4-40364DB7E07B}.Debug|x86.ActiveCfg = Debug|Win32
		{3A24B70B-5963-4DF2-96F4-40364DB7E07B}.Debug|x86.Build.0 = Debug|Win32
		{3A24B70B-5963-4DF2-96F4-40364DB7E07B}.Release|x64.ActiveCfg = Release|x64
		{3A24B70B-5963-4DF2-96F4-40364DB7E07B}.Release|x64.Build.0 = Release|x64
		{3A24B70B-5963-4DF2-96F4-40364DB7E07B}.Release|x86.ActiveCfg = Release|Win32
		{3A24B70B-5963-4DF2-96F4-40364DB7E07B}.Release|x86.Build.0 = Release|Win32
	EndGlobalSection
	GlobalSection(SolutionProperties) = preSolution
		HideSolutionNode = FALSE
	EndGlobalSection
	GlobalSection(NestedProjects) = preSolution
		{AD599010-8167-4EBB-BA49-95FF489AE10F} = {68514C9C-DB4E-41E3-9A81-FF89A24CE7A7}
		{1449588D-0989-4618-8CBB-08B2A13F9380} = {604682F2-1ED4-4375-A06E-9A91BBC12169}
		{E42894EF-5E8F-4846-B23C-481D8B947B44} = {604682F2-1ED4-4375-A06E-9A91BBC12169}
		{34A5C773-BE5F-4771-BE90-66FFB1B51E66} = {604682F2-1ED4-4375-A06E-9A91BBC12169}
		{0C125217-BCC1-4F39-BD7B-E5B0482F0E3F} = {604682F2-1ED4-4375-A06E-9A91BBC12169}
		{DD5A5222-CBD5-4E94-B54F-70168928580C} = {604682F2-1ED4-4375-A06E-9A91BBC12169}
		{83EEFC16-C1B4-402E-A5A2-C5EAF0B8166F} = {604682F2-1ED4-4375-A06E-9A91BBC12169}
		{AFA20CA4-C209-4022-B63A-5DF065EC0CC1} = {68514C9C-DB4E-41E3-9A81-FF89A24CE7A7}
		{1861B24B-CB61-49B8-8B83-62FE5A38B1E1} = {68514C9C-DB4E-41E3-9A81-FF89A24CE7A7}
		{BB01E39C-6E0C-4C11-9133-1E3CA1A12285} = {68514C9C-DB4E-41E3-9A81-FF89A24CE7A7}
		{3A24B70B-5963-4DF2-96F4-40364DB7E07B} = {68514C9C-DB4E-41E3-9A81-FF89A24CE7A7}
	EndGlobalSection
	GlobalSection(ExtensibilityGlobals) = postSolution
		SolutionGuid = {E825A5D5-2117-44CD-8854-086BE619B327}
	EndGlobalSection
EndGlobal
