
Microsoft Visual Studio Solution File, Format Version 12.00
# Visual Studio 15
VisualStudioVersion = 15.0.28307.168
MinimumVisualStudioVersion = 10.0.40219.1
Project("{8BC9CEB8-8B4A-11D0-8D11-00A0C91BC942}") = "BasicLocator", "BasicLocator\BasicLocator.vcxproj", "{92712880-363E-46D8-9ED9-BA9E81175089}"
EndProject
Global
	GlobalSection(SolutionConfigurationPlatforms) = preSolution
		Debug|x64 = Debug|x64
		Debug|x86 = Debug|x86
		Release|x64 = Release|x64
		Release|x86 = Release|x86
	EndGlobalSection
	GlobalSection(ProjectConfigurationPlatforms) = postSolution
		{92712880-363E-46D8-9ED9-BA9E81175089}.Debug|x64.ActiveCfg = Debug|x64
		{92712880-363E-46D8-9ED9-BA9E81175089}.Debug|x64.Build.0 = Debug|x64
		{92712880-363E-46D8-9ED9-BA9E81175089}.Debug|x86.ActiveCfg = Debug|Win32
		{92712880-363E-46D8-9ED9-BA9E81175089}.Debug|x86.Build.0 = Debug|Win32
		{92712880-363E-46D8-9ED9-BA9E81175089}.Release|x64.ActiveCfg = Release|x64
		{92712880-363E-46D8-9ED9-BA9E81175089}.Release|x64.Build.0 = Release|x64
		{92712880-363E-46D8-9ED9-BA9E81175089}.Release|x86.ActiveCfg = Release|Win32
		{92712880-363E-46D8-9ED9-BA9E81175089}.Release|x86.Build.0 = Release|Win32
	EndGlobalSection
	GlobalSection(SolutionProperties) = preSolution
		HideSolutionNode = FALSE
	EndGlobalSection
	GlobalSection(ExtensibilityGlobals) = postSolution
		SolutionGuid = {ECAE3644-3C9D-42DF-83C6-8FF79F32EA03}
	EndGlobalSection
EndGlobal
